// !$*UTF8*$!
{
	archiveVersion = 1;
	classes = {
	};
	objectVersion = 50;
	objects = {

/* Begin PBXBuildFile section */
		B22CB65D2092FA1C00E9E817 /* AppDelegate.swift in Sources */ = {isa = PBXBuildFile; fileRef = B22CB65C2092FA1C00E9E817 /* AppDelegate.swift */; };
		B22CB65F2092FA1C00E9E817 /* ViewController.swift in Sources */ = {isa = PBXBuildFile; fileRef = B22CB65E2092FA1C00E9E817 /* ViewController.swift */; };
		B22CB6622092FA1C00E9E817 /* Main.storyboard in Resources */ = {isa = PBXBuildFile; fileRef = B22CB6602092FA1C00E9E817 /* Main.storyboard */; };
		B22CB6642092FA1D00E9E817 /* Assets.xcassets in Resources */ = {isa = PBXBuildFile; fileRef = B22CB6632092FA1D00E9E817 /* Assets.xcassets */; };
		B22CB6672092FA1D00E9E817 /* LaunchScreen.storyboard in Resources */ = {isa = PBXBuildFile; fileRef = B22CB6652092FA1D00E9E817 /* LaunchScreen.storyboard */; };
		B22CB66F2092FA4B00E9E817 /* SetGame.swift in Sources */ = {isa = PBXBuildFile; fileRef = B22CB66E2092FA4B00E9E817 /* SetGame.swift */; };
		B22CB6712092FA7200E9E817 /* PlayingCard.swift in Sources */ = {isa = PBXBuildFile; fileRef = B22CB6702092FA7200E9E817 /* PlayingCard.swift */; };
		B2B7A55220AC1EAC0093C317 /* PlayingCardView.swift in Sources */ = {isa = PBXBuildFile; fileRef = B2B7A55120AC1EAC0093C317 /* PlayingCardView.swift */; };
		B2B7A55420AEB4110093C317 /* Grid.swift in Sources */ = {isa = PBXBuildFile; fileRef = B2B7A55320AEB4110093C317 /* Grid.swift */; };
		B2D15D9820AF89EC00DCB944 /* SquigglyView.swift in Sources */ = {isa = PBXBuildFile; fileRef = B2D15D9720AF89EC00DCB944 /* SquigglyView.swift */; };
/* End PBXBuildFile section */

/* Begin PBXFileReference section */
		B22CB6592092FA1C00E9E817 /* GraphicalSet.app */ = {isa = PBXFileReference; explicitFileType = wrapper.application; includeInIndex = 0; path = GraphicalSet.app; sourceTree = BUILT_PRODUCTS_DIR; };
		B22CB65C2092FA1C00E9E817 /* AppDelegate.swift */ = {isa = PBXFileReference; lastKnownFileType = sourcecode.swift; path = AppDelegate.swift; sourceTree = "<group>"; };
		B22CB65E2092FA1C00E9E817 /* ViewController.swift */ = {isa = PBXFileReference; lastKnownFileType = sourcecode.swift; path = ViewController.swift; sourceTree = "<group>"; };
		B22CB6612092FA1C00E9E817 /* Base */ = {isa = PBXFileReference; lastKnownFileType = file.storyboard; name = Base; path = Base.lproj/Main.storyboard; sourceTree = "<group>"; };
		B22CB6632092FA1D00E9E817 /* Assets.xcassets */ = {isa = PBXFileReference; lastKnownFileType = folder.assetcatalog; path = Assets.xcassets; sourceTree = "<group>"; };
		B22CB6662092FA1D00E9E817 /* Base */ = {isa = PBXFileReference; lastKnownFileType = file.storyboard; name = Base; path = Base.lproj/LaunchScreen.storyboard; sourceTree = "<group>"; };
		B22CB6682092FA1D00E9E817 /* Info.plist */ = {isa = PBXFileReference; lastKnownFileType = text.plist.xml; path = Info.plist; sourceTree = "<group>"; };
		B22CB66E2092FA4B00E9E817 /* SetGame.swift */ = {isa = PBXFileReference; lastKnownFileType = sourcecode.swift; path = SetGame.swift; sourceTree = "<group>"; };
		B22CB6702092FA7200E9E817 /* PlayingCard.swift */ = {isa = PBXFileReference; lastKnownFileType = sourcecode.swift; path = PlayingCard.swift; sourceTree = "<group>"; };
		B2B7A55120AC1EAC0093C317 /* PlayingCardView.swift */ = {isa = PBXFileReference; lastKnownFileType = sourcecode.swift; path = PlayingCardView.swift; sourceTree = "<group>"; };
		B2B7A55320AEB4110093C317 /* Grid.swift */ = {isa = PBXFileReference; fileEncoding = 4; lastKnownFileType = sourcecode.swift; name = Grid.swift; path = ../../../../../Desktop/Grid.swift; sourceTree = "<group>"; };
		B2D15D9720AF89EC00DCB944 /* SquigglyView.swift */ = {isa = PBXFileReference; lastKnownFileType = sourcecode.swift; path = SquigglyView.swift; sourceTree = "<group>"; };
/* End PBXFileReference section */

/* Begin PBXFrameworksBuildPhase section */
		B22CB6562092FA1C00E9E817 /* Frameworks */ = {
			isa = PBXFrameworksBuildPhase;
			buildActionMask = 2147483647;
			files = (
			);
			runOnlyForDeploymentPostprocessing = 0;
		};
/* End PBXFrameworksBuildPhase section */

/* Begin PBXGroup section */
		B22CB6502092FA1C00E9E817 = {
			isa = PBXGroup;
			children = (
				B22CB65B2092FA1C00E9E817 /* GraphicalSet */,
				B22CB65A2092FA1C00E9E817 /* Products */,
			);
			sourceTree = "<group>";
		};
		B22CB65A2092FA1C00E9E817 /* Products */ = {
			isa = PBXGroup;
			children = (
				B22CB6592092FA1C00E9E817 /* GraphicalSet.app */,
			);
			name = Products;
			sourceTree = "<group>";
		};
		B22CB65B2092FA1C00E9E817 /* GraphicalSet */ = {
			isa = PBXGroup;
			children = (
				B22CB65C2092FA1C00E9E817 /* AppDelegate.swift */,
				B22CB65E2092FA1C00E9E817 /* ViewController.swift */,
				B22CB6602092FA1C00E9E817 /* Main.storyboard */,
				B22CB6632092FA1D00E9E817 /* Assets.xcassets */,
				B22CB6652092FA1D00E9E817 /* LaunchScreen.storyboard */,
				B22CB6682092FA1D00E9E817 /* Info.plist */,
				B22CB66E2092FA4B00E9E817 /* SetGame.swift */,
				B2B7A55320AEB4110093C317 /* Grid.swift */,
				B22CB6702092FA7200E9E817 /* PlayingCard.swift */,
				B2B7A55120AC1EAC0093C317 /* PlayingCardView.swift */,
				B2D15D9720AF89EC00DCB944 /* SquigglyView.swift */,
			);
			path = GraphicalSet;
			sourceTree = "<group>";
		};
/* End PBXGroup section */

/* Begin PBXNativeTarget section */
		B22CB6582092FA1C00E9E817 /* GraphicalSet */ = {
			isa = PBXNativeTarget;
			buildConfigurationList = B22CB66B2092FA1D00E9E817 /* Build configuration list for PBXNativeTarget "GraphicalSet" */;
			buildPhases = (
				B22CB6552092FA1C00E9E817 /* Sources */,
				B22CB6562092FA1C00E9E817 /* Frameworks */,
				B22CB6572092FA1C00E9E817 /* Resources */,
			);
			buildRules = (
			);
			dependencies = (
			);
			name = GraphicalSet;
			productName = GraphicalSet;
			productReference = B22CB6592092FA1C00E9E817 /* GraphicalSet.app */;
			productType = "com.apple.product-type.application";
		};
/* End PBXNativeTarget section */

/* Begin PBXProject section */
		B22CB6512092FA1C00E9E817 /* Project object */ = {
			isa = PBXProject;
			attributes = {
				LastSwiftUpdateCheck = 0930;
				LastUpgradeCheck = 0930;
				ORGANIZATIONNAME = "James Shapiro";
				TargetAttributes = {
					B22CB6582092FA1C00E9E817 = {
						CreatedOnToolsVersion = 9.3;
					};
				};
			};
			buildConfigurationList = B22CB6542092FA1C00E9E817 /* Build configuration list for PBXProject "GraphicalSet" */;
			compatibilityVersion = "Xcode 9.3";
			developmentRegion = en;
			hasScannedForEncodings = 0;
			knownRegions = (
				en,
				Base,
			);
			mainGroup = B22CB6502092FA1C00E9E817;
			productRefGroup = B22CB65A2092FA1C00E9E817 /* Products */;
			projectDirPath = "";
			projectRoot = "";
			targets = (
				B22CB6582092FA1C00E9E817 /* GraphicalSet */,
			);
		};
/* End PBXProject section */

/* Begin PBXResourcesBuildPhase section */
		B22CB6572092FA1C00E9E817 /* Resources */ = {
			isa = PBXResourcesBuildPhase;
			buildActionMask = 2147483647;
			files = (
				B22CB6672092FA1D00E9E817 /* LaunchScreen.storyboard in Resources */,
				B22CB6642092FA1D00E9E817 /* Assets.xcassets in Resources */,
				B22CB6622092FA1C00E9E817 /* Main.storyboard in Resources */,
			);
			runOnlyForDeploymentPostprocessing = 0;
		};
/* End PBXResourcesBuildPhase section */

/* Begin PBXSourcesBuildPhase section */
		B22CB6552092FA1C00E9E817 /* Sources */ = {
			isa = PBXSourcesBuildPhase;
			buildActionMask = 2147483647;
			files = (
				B2D15D9820AF89EC00DCB944 /* SquigglyView.swift in Sources */,
				B22CB65F2092FA1C00E9E817 /* ViewController.swift in Sources */,
				B22CB66F2092FA4B00E9E817 /* SetGame.swift in Sources */,
				B22CB6712092FA7200E9E817 /* PlayingCard.swift in Sources */,
				B2B7A55220AC1EAC0093C317 /* PlayingCardView.swift in Sources */,
				B22CB65D2092FA1C00E9E817 /* AppDelegate.swift in Sources */,
				B2B7A55420AEB4110093C317 /* Grid.swift in Sources */,
			);
			runOnlyForDeploymentPostprocessing = 0;
		};
/* End PBXSourcesBuildPhase section */

/* Begin PBXVariantGroup section */
		B22CB6602092FA1C00E9E817 /* Main.storyboard */ = {
			isa = PBXVariantGroup;
			children = (
				B22CB6612092FA1C00E9E817 /* Base */,
			);
			name = Main.storyboard;
			sourceTree = "<group>";
		};
		B22CB6652092FA1D00E9E817 /* LaunchScreen.storyboard */ = {
			isa = PBXVariantGroup;
			children = (
				B22CB6662092FA1D00E9E817 /* Base */,
			);
			name = LaunchScreen.storyboard;
			sourceTree = "<group>";
		};
/* End PBXVariantGroup section */

/* Begin XCBuildConfiguration section */
		B22CB6692092FA1D00E9E817 /* Debug */ = {
			isa = XCBuildConfiguration;
			buildSettings = {
				ALWAYS_SEARCH_USER_PATHS = NO;
				CLANG_ANALYZER_NONNULL = YES;
				CLANG_ANALYZER_NUMBER_OBJECT_CONVERSION = YES_AGGRESSIVE;
				CLANG_CXX_LANGUAGE_STANDARD = "gnu++14";
				CLANG_CXX_LIBRARY = "libc++";
				CLANG_ENABLE_MODULES = YES;
				CLANG_ENABLE_OBJC_ARC = YES;
				CLANG_ENABLE_OBJC_WEAK = YES;
				CLANG_WARN_BLOCK_CAPTURE_AUTORELEASING = YES;
				CLANG_WARN_BOOL_CONVERSION = YES;
				CLANG_WARN_COMMA = YES;
				CLANG_WARN_CONSTANT_CONVERSION = YES;
				CLANG_WARN_DEPRECATED_OBJC_IMPLEMENTATIONS = YES;
				CLANG_WARN_DIRECT_OBJC_ISA_USAGE = YES_ERROR;
				CLANG_WARN_DOCUMENTATION_COMMENTS = YES;
				CLANG_WARN_EMPTY_BODY = YES;
				CLANG_WARN_ENUM_CONVERSION = YES;
				CLANG_WARN_INFINITE_RECURSION = YES;
				CLANG_WARN_INT_CONVERSION = YES;
				CLANG_WARN_NON_LITERAL_NULL_CONVERSION = YES;
				CLANG_WARN_OBJC_IMPLICIT_RETAIN_SELF = YES;
				CLANG_WARN_OBJC_LITERAL_CONVERSION = YES;
				CLANG_WARN_OBJC_ROOT_CLASS = YES_ERROR;
				CLANG_WARN_RANGE_LOOP_ANALYSIS = YES;
				CLANG_WARN_STRICT_PROTOTYPES = YES;
				CLANG_WARN_SUSPICIOUS_MOVE = YES;
				CLANG_WARN_UNGUARDED_AVAILABILITY = YES_AGGRESSIVE;
				CLANG_WARN_UNREACHABLE_CODE = YES;
				CLANG_WARN__DUPLICATE_METHOD_MATCH = YES;
				CODE_SIGN_IDENTITY = "iPhone Developer";
				COPY_PHASE_STRIP = NO;
				DEBUG_INFORMATION_FORMAT = dwarf;
				ENABLE_STRICT_OBJC_MSGSEND = YES;
				ENABLE_TESTABILITY = YES;
				GCC_C_LANGUAGE_STANDARD = gnu11;
				GCC_DYNAMIC_NO_PIC = NO;
				GCC_NO_COMMON_BLOCKS = YES;
				GCC_OPTIMIZATION_LEVEL = 0;
				GCC_PREPROCESSOR_DEFINITIONS = (
					"DEBUG=1",
					"$(inherited)",
				);
				GCC_WARN_64_TO_32_BIT_CONVERSION = YES;
				GCC_WARN_ABOUT_RETURN_TYPE = YES_ERROR;
				GCC_WARN_UNDECLARED_SELECTOR = YES;
				GCC_WARN_UNINITIALIZED_AUTOS = YES_AGGRESSIVE;
				GCC_WARN_UNUSED_FUNCTION = YES;
				GCC_WARN_UNUSED_VARIABLE = YES;
				IPHONEOS_DEPLOYMENT_TARGET = 11.3;
				MTL_ENABLE_DEBUG_INFO = YES;
				ONLY_ACTIVE_ARCH = YES;
				SDKROOT = iphoneos;
				SWIFT_ACTIVE_COMPILATION_CONDITIONS = DEBUG;
				SWIFT_OPTIMIZATION_LEVEL = "-Onone";
			};
			name = Debug;
		};
		B22CB66A2092FA1D00E9E817 /* Release */ = {
			isa = XCBuildConfiguration;
			buildSettings = {
				ALWAYS_SEARCH_USER_PATHS = NO;
				CLANG_ANALYZER_NONNULL = YES;
				CLANG_ANALYZER_NUMBER_OBJECT_CONVERSION = YES_AGGRESSIVE;
				CLANG_CXX_LANGUAGE_STANDARD = "gnu++14";
				CLANG_CXX_LIBRARY = "libc++";
				CLANG_ENABLE_MODULES = YES;
				CLANG_ENABLE_OBJC_ARC = YES;
				CLANG_ENABLE_OBJC_WEAK = YES;
				CLANG_WARN_BLOCK_CAPTURE_AUTORELEASING = YES;
				CLANG_WARN_BOOL_CONVERSION = YES;
				CLANG_WARN_COMMA = YES;
				CLANG_WARN_CONSTANT_CONVERSION = YES;
				CLANG_WARN_DEPRECATED_OBJC_IMPLEMENTATIONS = YES;
				CLANG_WARN_DIRECT_OBJC_ISA_USAGE = YES_ERROR;
				CLANG_WARN_DOCUMENTATION_COMMENTS = YES;
				CLANG_WARN_EMPTY_BODY = YES;
				CLANG_WARN_ENUM_CONVERSION = YES;
				CLANG_WARN_INFINITE_RECURSION = YES;
				CLANG_WARN_INT_CONVERSION = YES;
				CLANG_WARN_NON_LITERAL_NULL_CONVERSION = YES;
				CLANG_WARN_OBJC_IMPLICIT_RETAIN_SELF = YES;
				CLANG_WARN_OBJC_LITERAL_CONVERSION = YES;
				CLANG_WARN_OBJC_ROOT_CLASS = YES_ERROR;
				CLANG_WARN_RANGE_LOOP_ANALYSIS = YES;
				CLANG_WARN_STRICT_PROTOTYPES = YES;
				CLANG_WARN_SUSPICIOUS_MOVE = YES;
				CLANG_WARN_UNGUARDED_AVAILABILITY = YES_AGGRESSIVE;
				CLANG_WARN_UNREACHABLE_CODE = YES;
				CLANG_WARN__DUPLICATE_METHOD_MATCH = YES;
				CODE_SIGN_IDENTITY = "iPhone Developer";
				COPY_PHASE_STRIP = NO;
				DEBUG_INFORMATION_FORMAT = "dwarf-with-dsym";
				ENABLE_NS_ASSERTIONS = NO;
				ENABLE_STRICT_OBJC_MSGSEND = YES;
				GCC_C_LANGUAGE_STANDARD = gnu11;
				GCC_NO_COMMON_BLOCKS = YES;
				GCC_WARN_64_TO_32_BIT_CONVERSION = YES;
				GCC_WARN_ABOUT_RETURN_TYPE = YES_ERROR;
				GCC_WARN_UNDECLARED_SELECTOR = YES;
				GCC_WARN_UNINITIALIZED_AUTOS = YES_AGGRESSIVE;
				GCC_WARN_UNUSED_FUNCTION = YES;
				GCC_WARN_UNUSED_VARIABLE = YES;
				IPHONEOS_DEPLOYMENT_TARGET = 11.3;
				MTL_ENABLE_DEBUG_INFO = NO;
				SDKROOT = iphoneos;
				SWIFT_COMPILATION_MODE = wholemodule;
				SWIFT_OPTIMIZATION_LEVEL = "-O";
				VALIDATE_PRODUCT = YES;
			};
			name = Release;
		};
		B22CB66C2092FA1D00E9E817 /* Debug */ = {
			isa = XCBuildConfiguration;
			buildSettings = {
				ASSETCATALOG_COMPILER_APPICON_NAME = AppIcon;
				CODE_SIGN_STYLE = Automatic;
				DEVELOPMENT_TEAM = WRAK827V3Y;
				INFOPLIST_FILE = GraphicalSet/Info.plist;
				LD_RUNPATH_SEARCH_PATHS = (
					"$(inherited)",
					"@executable_path/Frameworks",
				);
				PRODUCT_BUNDLE_IDENTIFIER = com.jamesshapiro.GraphicalSet;
				PRODUCT_NAME = "$(TARGET_NAME)";
				SWIFT_VERSION = 4.0;
				TARGETED_DEVICE_FAMILY = "1,2";
			};
			name = Debug;
		};
		B22CB66D2092FA1D00E9E817 /* Release */ = {
			isa = XCBuildConfiguration;
			buildSettings = {
				ASSETCATALOG_COMPILER_APPICON_NAME = AppIcon;
				CODE_SIGN_STYLE = Automatic;
				DEVELOPMENT_TEAM = WRAK827V3Y;
				INFOPLIST_FILE = GraphicalSet/Info.plist;
				LD_RUNPATH_SEARCH_PATHS = (
					"$(inherited)",
					"@executable_path/Frameworks",
				);
				PRODUCT_BUNDLE_IDENTIFIER = com.jamesshapiro.GraphicalSet;
				PRODUCT_NAME = "$(TARGET_NAME)";
				SWIFT_VERSION = 4.0;
				TARGETED_DEVICE_FAMILY = "1,2";
			};
			name = Release;
		};
/* End XCBuildConfiguration section */

/* Begin XCConfigurationList section */
		B22CB6542092FA1C00E9E817 /* Build configuration list for PBXProject "GraphicalSet" */ = {
			isa = XCConfigurationList;
			buildConfigurations = (
				B22CB6692092FA1D00E9E817 /* Debug */,
				B22CB66A2092FA1D00E9E817 /* Release */,
			);
			defaultConfigurationIsVisible = 0;
			defaultConfigurationName = Release;
		};
		B22CB66B2092FA1D00E9E817 /* Build configuration list for PBXNativeTarget "GraphicalSet" */ = {
			isa = XCConfigurationList;
			buildConfigurations = (
				B22CB66C2092FA1D00E9E817 /* Debug */,
				B22CB66D2092FA1D00E9E817 /* Release */,
			);
			defaultConfigurationIsVisible = 0;
			defaultConfigurationName = Release;
		};
/* End XCConfigurationList section */
	};
	rootObject = B22CB6512092FA1C00E9E817 /* Project object */;
}
